
Microsoft Visual Studio Solution File, Format Version 12.00
# Visual Studio 15
VisualStudioVersion = 15.0.28307.1000
MinimumVisualStudioVersion = 10.0.40219.1
Project("{FAE04EC0-301F-11D3-BF4B-00C04F79EFBC}") = "Client.Android", "Thesis\Thesis.Android\Client.Android.csproj", "{0898EF10-FCC8-4E14-A1CB-052D31E2F961}"
EndProject
Project("{FAE04EC0-301F-11D3-BF4B-00C04F79EFBC}") = "Client.iOS", "Thesis\Thesis.iOS\Client.iOS.csproj", "{A18850BB-9A95-4986-8CD0-40DBF7F00574}"
EndProject
Project("{FAE04EC0-301F-11D3-BF4B-00C04F79EFBC}") = "Client.UWP", "Thesis\Thesis.UWP\Client.UWP.csproj", "{19EF79FE-CA82-489D-A307-2D8E868E97A0}"
EndProject
Project("{9A19103F-16F7-4668-BE54-9A1E7A4F7556}") = "Client", "Thesis\Thesis\Client.csproj", "{BC440816-A2E9-4873-8F78-32E0DDE68760}"
EndProject
Project("{9A19103F-16F7-4668-BE54-9A1E7A4F7556}") = "Opc.Ua.Client", "Opc.Ua.Client\Opc.Ua.Client.csproj", "{1180CBA4-F8BC-4F57-BCDE-51C00414AF3A}"
EndProject
Project("{9A19103F-16F7-4668-BE54-9A1E7A4F7556}") = "Opc.Ua.Core", "Opc.Ua.Core\Opc.Ua.Core.csproj", "{4E10C34E-0FB9-4B66-ABB2-566D1B8155EC}"
EndProject
Project("{9A19103F-16F7-4668-BE54-9A1E7A4F7556}") = "Opc.Ua.Configuration", "Opc.Ua.Configuration\Opc.Ua.Configuration.csproj", "{15F77405-6C05-4783-A380-0FC002230ED1}"
EndProject
Global
	GlobalSection(SolutionConfigurationPlatforms) = preSolution
		Ad-Hoc|Any CPU = Ad-Hoc|Any CPU
		Ad-Hoc|ARM = Ad-Hoc|ARM
		Ad-Hoc|iPhone = Ad-Hoc|iPhone
		Ad-Hoc|iPhoneSimulator = Ad-Hoc|iPhoneSimulator
		Ad-Hoc|x64 = Ad-Hoc|x64
		Ad-Hoc|x86 = Ad-Hoc|x86
		AppStore|Any CPU = AppStore|Any CPU
		AppStore|ARM = AppStore|ARM
		AppStore|iPhone = AppStore|iPhone
		AppStore|iPhoneSimulator = AppStore|iPhoneSimulator
		AppStore|x64 = AppStore|x64
		AppStore|x86 = AppStore|x86
		Debug|Any CPU = Debug|Any CPU
		Debug|ARM = Debug|ARM
		Debug|iPhone = Debug|iPhone
		Debug|iPhoneSimulator = Debug|iPhoneSimulator
		Debug|x64 = Debug|x64
		Debug|x86 = Debug|x86
		Gorilla|Any CPU = Gorilla|Any CPU
		Gorilla|ARM = Gorilla|ARM
		Gorilla|iPhone = Gorilla|iPhone
		Gorilla|iPhoneSimulator = Gorilla|iPhoneSimulator
		Gorilla|x64 = Gorilla|x64
		Gorilla|x86 = Gorilla|x86
		Release|Any CPU = Release|Any CPU
		Release|ARM = Release|ARM
		Release|iPhone = Release|iPhone
		Release|iPhoneSimulator = Release|iPhoneSimulator
		Release|x64 = Release|x64
		Release|x86 = Release|x86
	EndGlobalSection
	GlobalSection(ProjectConfigurationPlatforms) = postSolution
		{0898EF10-FCC8-4E14-A1CB-052D31E2F961}.Ad-Hoc|Any CPU.ActiveCfg = Release|Any CPU
		{0898EF10-FCC8-4E14-A1CB-052D31E2F961}.Ad-Hoc|Any CPU.Build.0 = Release|Any CPU
		{0898EF10-FCC8-4E14-A1CB-052D31E2F961}.Ad-Hoc|Any CPU.Deploy.0 = Release|Any CPU
		{0898EF10-FCC8-4E14-A1CB-052D31E2F961}.Ad-Hoc|ARM.ActiveCfg = Release|Any CPU
		{0898EF10-FCC8-4E14-A1CB-052D31E2F961}.Ad-Hoc|ARM.Build.0 = Release|Any CPU
		{0898EF10-FCC8-4E14-A1CB-052D31E2F961}.Ad-Hoc|ARM.Deploy.0 = Release|Any CPU
		{0898EF10-FCC8-4E14-A1CB-052D31E2F961}.Ad-Hoc|iPhone.ActiveCfg = Release|Any CPU
		{0898EF10-FCC8-4E14-A1CB-052D31E2F961}.Ad-Hoc|iPhone.Build.0 = Release|Any CPU
		{0898EF10-FCC8-4E14-A1CB-052D31E2F961}.Ad-Hoc|iPhone.Deploy.0 = Release|Any CPU
		{0898EF10-FCC8-4E14-A1CB-052D31E2F961}.Ad-Hoc|iPhoneSimulator.ActiveCfg = Release|Any CPU
		{0898EF10-FCC8-4E14-A1CB-052D31E2F961}.Ad-Hoc|iPhoneSimulator.Build.0 = Release|Any CPU
		{0898EF10-FCC8-4E14-A1CB-052D31E2F961}.Ad-Hoc|iPhoneSimulator.Deploy.0 = Release|Any CPU
		{0898EF10-FCC8-4E14-A1CB-052D31E2F961}.Ad-Hoc|x64.ActiveCfg = Release|Any CPU
		{0898EF10-FCC8-4E14-A1CB-052D31E2F961}.Ad-Hoc|x64.Build.0 = Release|Any CPU
		{0898EF10-FCC8-4E14-A1CB-052D31E2F961}.Ad-Hoc|x64.Deploy.0 = Release|Any CPU
		{0898EF10-FCC8-4E14-A1CB-052D31E2F961}.Ad-Hoc|x86.ActiveCfg = Release|Any CPU
		{0898EF10-FCC8-4E14-A1CB-052D31E2F961}.Ad-Hoc|x86.Build.0 = Release|Any CPU
		{0898EF10-FCC8-4E14-A1CB-052D31E2F961}.Ad-Hoc|x86.Deploy.0 = Release|Any CPU
		{0898EF10-FCC8-4E14-A1CB-052D31E2F961}.AppStore|Any CPU.ActiveCfg = Release|Any CPU
		{0898EF10-FCC8-4E14-A1CB-052D31E2F961}.AppStore|Any CPU.Build.0 = Release|Any CPU
		{0898EF10-FCC8-4E14-A1CB-052D31E2F961}.AppStore|Any CPU.Deploy.0 = Release|Any CPU
		{0898EF10-FCC8-4E14-A1CB-052D31E2F961}.AppStore|ARM.ActiveCfg = Release|Any CPU
		{0898EF10-FCC8-4E14-A1CB-052D31E2F961}.AppStore|ARM.Build.0 = Release|Any CPU
		{0898EF10-FCC8-4E14-A1CB-052D31E2F961}.AppStore|ARM.Deploy.0 = Release|Any CPU
		{0898EF10-FCC8-4E14-A1CB-052D31E2F961}.AppStore|iPhone.ActiveCfg = Release|Any CPU
		{0898EF10-FCC8-4E14-A1CB-052D31E2F961}.AppStore|iPhone.Build.0 = Release|Any CPU
		{0898EF10-FCC8-4E14-A1CB-052D31E2F961}.AppStore|iPhone.Deploy.0 = Release|Any CPU
		{0898EF10-FCC8-4E14-A1CB-052D31E2F961}.AppStore|iPhoneSimulator.ActiveCfg = Release|Any CPU
		{0898EF10-FCC8-4E14-A1CB-052D31E2F961}.AppStore|iPhoneSimulator.Build.0 = Release|Any CPU
		{0898EF10-FCC8-4E14-A1CB-052D31E2F961}.AppStore|iPhoneSimulator.Deploy.0 = Release|Any CPU
		{0898EF10-FCC8-4E14-A1CB-052D31E2F961}.AppStore|x64.ActiveCfg = Release|Any CPU
		{0898EF10-FCC8-4E14-A1CB-052D31E2F961}.AppStore|x64.Build.0 = Release|Any CPU
		{0898EF10-FCC8-4E14-A1CB-052D31E2F961}.AppStore|x64.Deploy.0 = Release|Any CPU
		{0898EF10-FCC8-4E14-A1CB-052D31E2F961}.AppStore|x86.ActiveCfg = Release|Any CPU
		{0898EF10-FCC8-4E14-A1CB-052D31E2F961}.AppStore|x86.Build.0 = Release|Any CPU
		{0898EF10-FCC8-4E14-A1CB-052D31E2F961}.AppStore|x86.Deploy.0 = Release|Any CPU
		{0898EF10-FCC8-4E14-A1CB-052D31E2F961}.Debug|Any CPU.ActiveCfg = Debug|Any CPU
		{0898EF10-FCC8-4E14-A1CB-052D31E2F961}.Debug|Any CPU.Build.0 = Debug|Any CPU
		{0898EF10-FCC8-4E14-A1CB-052D31E2F961}.Debug|Any CPU.Deploy.0 = Debug|Any CPU
		{0898EF10-FCC8-4E14-A1CB-052D31E2F961}.Debug|ARM.ActiveCfg = Debug|Any CPU
		{0898EF10-FCC8-4E14-A1CB-052D31E2F961}.Debug|ARM.Build.0 = Debug|Any CPU
		{0898EF10-FCC8-4E14-A1CB-052D31E2F961}.Debug|ARM.Deploy.0 = Debug|Any CPU
		{0898EF10-FCC8-4E14-A1CB-052D31E2F961}.Debug|iPhone.ActiveCfg = Debug|Any CPU
		{0898EF10-FCC8-4E14-A1CB-052D31E2F961}.Debug|iPhone.Build.0 = Debug|Any CPU
		{0898EF10-FCC8-4E14-A1CB-052D31E2F961}.Debug|iPhone.Deploy.0 = Debug|Any CPU
		{0898EF10-FCC8-4E14-A1CB-052D31E2F961}.Debug|iPhoneSimulator.ActiveCfg = Debug|Any CPU
		{0898EF10-FCC8-4E14-A1CB-052D31E2F961}.Debug|iPhoneSimulator.Build.0 = Debug|Any CPU
		{0898EF10-FCC8-4E14-A1CB-052D31E2F961}.Debug|iPhoneSimulator.Deploy.0 = Debug|Any CPU
		{0898EF10-FCC8-4E14-A1CB-052D31E2F961}.Debug|x64.ActiveCfg = Debug|Any CPU
		{0898EF10-FCC8-4E14-A1CB-052D31E2F961}.Debug|x64.Build.0 = Debug|Any CPU
		{0898EF10-FCC8-4E14-A1CB-052D31E2F961}.Debug|x64.Deploy.0 = Debug|Any CPU
		{0898EF10-FCC8-4E14-A1CB-052D31E2F961}.Debug|x86.ActiveCfg = Debug|Any CPU
		{0898EF10-FCC8-4E14-A1CB-052D31E2F961}.Debug|x86.Build.0 = Debug|Any CPU
		{0898EF10-FCC8-4E14-A1CB-052D31E2F961}.Debug|x86.Deploy.0 = Debug|Any CPU
		{0898EF10-FCC8-4E14-A1CB-052D31E2F961}.Gorilla|Any CPU.ActiveCfg = Release|Any CPU
		{0898EF10-FCC8-4E14-A1CB-052D31E2F961}.Gorilla|Any CPU.Build.0 = Release|Any CPU
		{0898EF10-FCC8-4E14-A1CB-052D31E2F961}.Gorilla|Any CPU.Deploy.0 = Release|Any CPU
		{0898EF10-FCC8-4E14-A1CB-052D31E2F961}.Gorilla|ARM.ActiveCfg = Release|Any CPU
		{0898EF10-FCC8-4E14-A1CB-052D31E2F961}.Gorilla|ARM.Build.0 = Release|Any CPU
		{0898EF10-FCC8-4E14-A1CB-052D31E2F961}.Gorilla|ARM.Deploy.0 = Release|Any CPU
		{0898EF10-FCC8-4E14-A1CB-052D31E2F961}.Gorilla|iPhone.ActiveCfg = Release|Any CPU
		{0898EF10-FCC8-4E14-A1CB-052D31E2F961}.Gorilla|iPhone.Build.0 = Release|Any CPU
		{0898EF10-FCC8-4E14-A1CB-052D31E2F961}.Gorilla|iPhone.Deploy.0 = Release|Any CPU
		{0898EF10-FCC8-4E14-A1CB-052D31E2F961}.Gorilla|iPhoneSimulator.ActiveCfg = Release|Any CPU
		{0898EF10-FCC8-4E14-A1CB-052D31E2F961}.Gorilla|iPhoneSimulator.Build.0 = Release|Any CPU
		{0898EF10-FCC8-4E14-A1CB-052D31E2F961}.Gorilla|iPhoneSimulator.Deploy.0 = Release|Any CPU
		{0898EF10-FCC8-4E14-A1CB-052D31E2F961}.Gorilla|x64.ActiveCfg = Release|Any CPU
		{0898EF10-FCC8-4E14-A1CB-052D31E2F961}.Gorilla|x64.Build.0 = Release|Any CPU
		{0898EF10-FCC8-4E14-A1CB-052D31E2F961}.Gorilla|x64.Deploy.0 = Release|Any CPU
		{0898EF10-FCC8-4E14-A1CB-052D31E2F961}.Gorilla|x86.ActiveCfg = Release|Any CPU
		{0898EF10-FCC8-4E14-A1CB-052D31E2F961}.Gorilla|x86.Build.0 = Release|Any CPU
		{0898EF10-FCC8-4E14-A1CB-052D31E2F961}.Gorilla|x86.Deploy.0 = Release|Any CPU
		{0898EF10-FCC8-4E14-A1CB-052D31E2F961}.Release|Any CPU.ActiveCfg = Release|Any CPU
		{0898EF10-FCC8-4E14-A1CB-052D31E2F961}.Release|Any CPU.Build.0 = Release|Any CPU
		{0898EF10-FCC8-4E14-A1CB-052D31E2F961}.Release|Any CPU.Deploy.0 = Release|Any CPU
		{0898EF10-FCC8-4E14-A1CB-052D31E2F961}.Release|ARM.ActiveCfg = Release|Any CPU
		{0898EF10-FCC8-4E14-A1CB-052D31E2F961}.Release|ARM.Build.0 = Release|Any CPU
		{0898EF10-FCC8-4E14-A1CB-052D31E2F961}.Release|ARM.Deploy.0 = Release|Any CPU
		{0898EF10-FCC8-4E14-A1CB-052D31E2F961}.Release|iPhone.ActiveCfg = Release|Any CPU
		{0898EF10-FCC8-4E14-A1CB-052D31E2F961}.Release|iPhone.Build.0 = Release|Any CPU
		{0898EF10-FCC8-4E14-A1CB-052D31E2F961}.Release|iPhone.Deploy.0 = Release|Any CPU
		{0898EF10-FCC8-4E14-A1CB-052D31E2F961}.Release|iPhoneSimulator.ActiveCfg = Release|Any CPU
		{0898EF10-FCC8-4E14-A1CB-052D31E2F961}.Release|iPhoneSimulator.Build.0 = Release|Any CPU
		{0898EF10-FCC8-4E14-A1CB-052D31E2F961}.Release|iPhoneSimulator.Deploy.0 = Release|Any CPU
		{0898EF10-FCC8-4E14-A1CB-052D31E2F961}.Release|x64.ActiveCfg = Release|Any CPU
		{0898EF10-FCC8-4E14-A1CB-052D31E2F961}.Release|x64.Build.0 = Release|Any CPU
		{0898EF10-FCC8-4E14-A1CB-052D31E2F961}.Release|x64.Deploy.0 = Release|Any CPU
		{0898EF10-FCC8-4E14-A1CB-052D31E2F961}.Release|x86.ActiveCfg = Release|Any CPU
		{0898EF10-FCC8-4E14-A1CB-052D31E2F961}.Release|x86.Build.0 = Release|Any CPU
		{0898EF10-FCC8-4E14-A1CB-052D31E2F961}.Release|x86.Deploy.0 = Release|Any CPU
		{A18850BB-9A95-4986-8CD0-40DBF7F00574}.Ad-Hoc|Any CPU.ActiveCfg = Ad-Hoc|iPhone
		{A18850BB-9A95-4986-8CD0-40DBF7F00574}.Ad-Hoc|Any CPU.Build.0 = Ad-Hoc|iPhone
		{A18850BB-9A95-4986-8CD0-40DBF7F00574}.Ad-Hoc|Any CPU.Deploy.0 = Ad-Hoc|iPhone
		{A18850BB-9A95-4986-8CD0-40DBF7F00574}.Ad-Hoc|ARM.ActiveCfg = Ad-Hoc|iPhone
		{A18850BB-9A95-4986-8CD0-40DBF7F00574}.Ad-Hoc|ARM.Build.0 = Ad-Hoc|iPhone
		{A18850BB-9A95-4986-8CD0-40DBF7F00574}.Ad-Hoc|ARM.Deploy.0 = Ad-Hoc|iPhone
		{A18850BB-9A95-4986-8CD0-40DBF7F00574}.Ad-Hoc|iPhone.ActiveCfg = Ad-Hoc|iPhone
		{A18850BB-9A95-4986-8CD0-40DBF7F00574}.Ad-Hoc|iPhone.Build.0 = Ad-Hoc|iPhone
		{A18850BB-9A95-4986-8CD0-40DBF7F00574}.Ad-Hoc|iPhone.Deploy.0 = Ad-Hoc|iPhone
		{A18850BB-9A95-4986-8CD0-40DBF7F00574}.Ad-Hoc|iPhoneSimulator.ActiveCfg = Ad-Hoc|iPhoneSimulator
		{A18850BB-9A95-4986-8CD0-40DBF7F00574}.Ad-Hoc|iPhoneSimulator.Build.0 = Ad-Hoc|iPhoneSimulator
		{A18850BB-9A95-4986-8CD0-40DBF7F00574}.Ad-Hoc|iPhoneSimulator.Deploy.0 = Ad-Hoc|iPhoneSimulator
		{A18850BB-9A95-4986-8CD0-40DBF7F00574}.Ad-Hoc|x64.ActiveCfg = Ad-Hoc|iPhone
		{A18850BB-9A95-4986-8CD0-40DBF7F00574}.Ad-Hoc|x64.Build.0 = Ad-Hoc|iPhone
		{A18850BB-9A95-4986-8CD0-40DBF7F00574}.Ad-Hoc|x64.Deploy.0 = Ad-Hoc|iPhone
		{A18850BB-9A95-4986-8CD0-40DBF7F00574}.Ad-Hoc|x86.ActiveCfg = Ad-Hoc|iPhone
		{A18850BB-9A95-4986-8CD0-40DBF7F00574}.Ad-Hoc|x86.Build.0 = Ad-Hoc|iPhone
		{A18850BB-9A95-4986-8CD0-40DBF7F00574}.Ad-Hoc|x86.Deploy.0 = Ad-Hoc|iPhone
		{A18850BB-9A95-4986-8CD0-40DBF7F00574}.AppStore|Any CPU.ActiveCfg = AppStore|iPhone
		{A18850BB-9A95-4986-8CD0-40DBF7F00574}.AppStore|Any CPU.Build.0 = AppStore|iPhone
		{A18850BB-9A95-4986-8CD0-40DBF7F00574}.AppStore|Any CPU.Deploy.0 = AppStore|iPhone
		{A18850BB-9A95-4986-8CD0-40DBF7F00574}.AppStore|ARM.ActiveCfg = AppStore|iPhone
		{A18850BB-9A95-4986-8CD0-40DBF7F00574}.AppStore|ARM.Build.0 = AppStore|iPhone
		{A18850BB-9A95-4986-8CD0-40DBF7F00574}.AppStore|ARM.Deploy.0 = AppStore|iPhone
		{A18850BB-9A95-4986-8CD0-40DBF7F00574}.AppStore|iPhone.ActiveCfg = AppStore|iPhone
		{A18850BB-9A95-4986-8CD0-40DBF7F00574}.AppStore|iPhone.Build.0 = AppStore|iPhone
		{A18850BB-9A95-4986-8CD0-40DBF7F00574}.AppStore|iPhone.Deploy.0 = AppStore|iPhone
		{A18850BB-9A95-4986-8CD0-40DBF7F00574}.AppStore|iPhoneSimulator.ActiveCfg = AppStore|iPhoneSimulator
		{A18850BB-9A95-4986-8CD0-40DBF7F00574}.AppStore|iPhoneSimulator.Build.0 = AppStore|iPhoneSimulator
		{A18850BB-9A95-4986-8CD0-40DBF7F00574}.AppStore|iPhoneSimulator.Deploy.0 = AppStore|iPhoneSimulator
		{A18850BB-9A95-4986-8CD0-40DBF7F00574}.AppStore|x64.ActiveCfg = AppStore|iPhone
		{A18850BB-9A95-4986-8CD0-40DBF7F00574}.AppStore|x64.Build.0 = AppStore|iPhone
		{A18850BB-9A95-4986-8CD0-40DBF7F00574}.AppStore|x64.Deploy.0 = AppStore|iPhone
		{A18850BB-9A95-4986-8CD0-40DBF7F00574}.AppStore|x86.ActiveCfg = AppStore|iPhone
		{A18850BB-9A95-4986-8CD0-40DBF7F00574}.AppStore|x86.Build.0 = AppStore|iPhone
		{A18850BB-9A95-4986-8CD0-40DBF7F00574}.AppStore|x86.Deploy.0 = AppStore|iPhone
		{A18850BB-9A95-4986-8CD0-40DBF7F00574}.Debug|Any CPU.ActiveCfg = Debug|iPhoneSimulator
		{A18850BB-9A95-4986-8CD0-40DBF7F00574}.Debug|Any CPU.Build.0 = Debug|iPhoneSimulator
		{A18850BB-9A95-4986-8CD0-40DBF7F00574}.Debug|Any CPU.Deploy.0 = Debug|iPhoneSimulator
		{A18850BB-9A95-4986-8CD0-40DBF7F00574}.Debug|ARM.ActiveCfg = Debug|iPhone
		{A18850BB-9A95-4986-8CD0-40DBF7F00574}.Debug|ARM.Build.0 = Debug|iPhone
		{A18850BB-9A95-4986-8CD0-40DBF7F00574}.Debug|ARM.Deploy.0 = Debug|iPhone
		{A18850BB-9A95-4986-8CD0-40DBF7F00574}.Debug|iPhone.ActiveCfg = Debug|iPhone
		{A18850BB-9A95-4986-8CD0-40DBF7F00574}.Debug|iPhone.Build.0 = Debug|iPhone
		{A18850BB-9A95-4986-8CD0-40DBF7F00574}.Debug|iPhone.Deploy.0 = Debug|iPhone
		{A18850BB-9A95-4986-8CD0-40DBF7F00574}.Debug|iPhoneSimulator.ActiveCfg = Debug|iPhoneSimulator
		{A18850BB-9A95-4986-8CD0-40DBF7F00574}.Debug|iPhoneSimulator.Build.0 = Debug|iPhoneSimulator
		{A18850BB-9A95-4986-8CD0-40DBF7F00574}.Debug|iPhoneSimulator.Deploy.0 = Debug|iPhoneSimulator
		{A18850BB-9A95-4986-8CD0-40DBF7F00574}.Debug|x64.ActiveCfg = Debug|iPhone
		{A18850BB-9A95-4986-8CD0-40DBF7F00574}.Debug|x64.Build.0 = Debug|iPhone
		{A18850BB-9A95-4986-8CD0-40DBF7F00574}.Debug|x64.Deploy.0 = Debug|iPhone
		{A18850BB-9A95-4986-8CD0-40DBF7F00574}.Debug|x86.ActiveCfg = Debug|iPhone
		{A18850BB-9A95-4986-8CD0-40DBF7F00574}.Debug|x86.Build.0 = Debug|iPhone
		{A18850BB-9A95-4986-8CD0-40DBF7F00574}.Debug|x86.Deploy.0 = Debug|iPhone
		{A18850BB-9A95-4986-8CD0-40DBF7F00574}.Gorilla|Any CPU.ActiveCfg = AppStore|iPhone
		{A18850BB-9A95-4986-8CD0-40DBF7F00574}.Gorilla|Any CPU.Build.0 = AppStore|iPhone
		{A18850BB-9A95-4986-8CD0-40DBF7F00574}.Gorilla|ARM.ActiveCfg = AppStore|iPhone
		{A18850BB-9A95-4986-8CD0-40DBF7F00574}.Gorilla|ARM.Build.0 = AppStore|iPhone
		{A18850BB-9A95-4986-8CD0-40DBF7F00574}.Gorilla|iPhone.ActiveCfg = AppStore|iPhone
		{A18850BB-9A95-4986-8CD0-40DBF7F00574}.Gorilla|iPhone.Build.0 = AppStore|iPhone
		{A18850BB-9A95-4986-8CD0-40DBF7F00574}.Gorilla|iPhoneSimulator.ActiveCfg = AppStore|iPhoneSimulator
		{A18850BB-9A95-4986-8CD0-40DBF7F00574}.Gorilla|iPhoneSimulator.Build.0 = AppStore|iPhoneSimulator
		{A18850BB-9A95-4986-8CD0-40DBF7F00574}.Gorilla|x64.ActiveCfg = AppStore|iPhone
		{A18850BB-9A95-4986-8CD0-40DBF7F00574}.Gorilla|x64.Build.0 = AppStore|iPhone
		{A18850BB-9A95-4986-8CD0-40DBF7F00574}.Gorilla|x86.ActiveCfg = AppStore|iPhone
		{A18850BB-9A95-4986-8CD0-40DBF7F00574}.Gorilla|x86.Build.0 = AppStore|iPhone
		{A18850BB-9A95-4986-8CD0-40DBF7F00574}.Release|Any CPU.ActiveCfg = Release|iPhone
		{A18850BB-9A95-4986-8CD0-40DBF7F00574}.Release|Any CPU.Deploy.0 = Release|iPhone
		{A18850BB-9A95-4986-8CD0-40DBF7F00574}.Release|ARM.ActiveCfg = Release|iPhone
		{A18850BB-9A95-4986-8CD0-40DBF7F00574}.Release|ARM.Build.0 = Release|iPhone
		{A18850BB-9A95-4986-8CD0-40DBF7F00574}.Release|ARM.Deploy.0 = Release|iPhone
		{A18850BB-9A95-4986-8CD0-40DBF7F00574}.Release|iPhone.ActiveCfg = Release|iPhone
		{A18850BB-9A95-4986-8CD0-40DBF7F00574}.Release|iPhone.Build.0 = Release|iPhone
		{A18850BB-9A95-4986-8CD0-40DBF7F00574}.Release|iPhone.Deploy.0 = Release|iPhone
		{A18850BB-9A95-4986-8CD0-40DBF7F00574}.Release|iPhoneSimulator.ActiveCfg = Release|iPhoneSimulator
		{A18850BB-9A95-4986-8CD0-40DBF7F00574}.Release|iPhoneSimulator.Build.0 = Release|iPhoneSimulator
		{A18850BB-9A95-4986-8CD0-40DBF7F00574}.Release|iPhoneSimulator.Deploy.0 = Release|iPhoneSimulator
		{A18850BB-9A95-4986-8CD0-40DBF7F00574}.Release|x64.ActiveCfg = Release|iPhone
		{A18850BB-9A95-4986-8CD0-40DBF7F00574}.Release|x64.Build.0 = Release|iPhone
		{A18850BB-9A95-4986-8CD0-40DBF7F00574}.Release|x64.Deploy.0 = Release|iPhone
		{A18850BB-9A95-4986-8CD0-40DBF7F00574}.Release|x86.ActiveCfg = Release|iPhone
		{A18850BB-9A95-4986-8CD0-40DBF7F00574}.Release|x86.Build.0 = Release|iPhone
		{A18850BB-9A95-4986-8CD0-40DBF7F00574}.Release|x86.Deploy.0 = Release|iPhone
		{19EF79FE-CA82-489D-A307-2D8E868E97A0}.Ad-Hoc|Any CPU.ActiveCfg = Release|x86
		{19EF79FE-CA82-489D-A307-2D8E868E97A0}.Ad-Hoc|Any CPU.Build.0 = Release|x86
		{19EF79FE-CA82-489D-A307-2D8E868E97A0}.Ad-Hoc|Any CPU.Deploy.0 = Release|x86
		{19EF79FE-CA82-489D-A307-2D8E868E97A0}.Ad-Hoc|ARM.ActiveCfg = Release|ARM
		{19EF79FE-CA82-489D-A307-2D8E868E97A0}.Ad-Hoc|ARM.Build.0 = Release|ARM
		{19EF79FE-CA82-489D-A307-2D8E868E97A0}.Ad-Hoc|ARM.Deploy.0 = Release|ARM
		{19EF79FE-CA82-489D-A307-2D8E868E97A0}.Ad-Hoc|iPhone.ActiveCfg = Release|x86
		{19EF79FE-CA82-489D-A307-2D8E868E97A0}.Ad-Hoc|iPhone.Build.0 = Release|x86
		{19EF79FE-CA82-489D-A307-2D8E868E97A0}.Ad-Hoc|iPhone.Deploy.0 = Release|x86
		{19EF79FE-CA82-489D-A307-2D8E868E97A0}.Ad-Hoc|iPhoneSimulator.ActiveCfg = Release|x86
		{19EF79FE-CA82-489D-A307-2D8E868E97A0}.Ad-Hoc|iPhoneSimulator.Build.0 = Release|x86
		{19EF79FE-CA82-489D-A307-2D8E868E97A0}.Ad-Hoc|iPhoneSimulator.Deploy.0 = Release|x86
		{19EF79FE-CA82-489D-A307-2D8E868E97A0}.Ad-Hoc|x64.ActiveCfg = Release|x64
		{19EF79FE-CA82-489D-A307-2D8E868E97A0}.Ad-Hoc|x64.Build.0 = Release|x64
		{19EF79FE-CA82-489D-A307-2D8E868E97A0}.Ad-Hoc|x64.Deploy.0 = Release|x64
		{19EF79FE-CA82-489D-A307-2D8E868E97A0}.Ad-Hoc|x86.ActiveCfg = Release|x86
		{19EF79FE-CA82-489D-A307-2D8E868E97A0}.Ad-Hoc|x86.Build.0 = Release|x86
		{19EF79FE-CA82-489D-A307-2D8E868E97A0}.Ad-Hoc|x86.Deploy.0 = Release|x86
		{19EF79FE-CA82-489D-A307-2D8E868E97A0}.AppStore|Any CPU.ActiveCfg = Release|x86
		{19EF79FE-CA82-489D-A307-2D8E868E97A0}.AppStore|Any CPU.Build.0 = Release|x86
		{19EF79FE-CA82-489D-A307-2D8E868E97A0}.AppStore|Any CPU.Deploy.0 = Release|x86
		{19EF79FE-CA82-489D-A307-2D8E868E97A0}.AppStore|ARM.ActiveCfg = Release|ARM
		{19EF79FE-CA82-489D-A307-2D8E868E97A0}.AppStore|ARM.Build.0 = Release|ARM
		{19EF79FE-CA82-489D-A307-2D8E868E97A0}.AppStore|ARM.Deploy.0 = Release|ARM
		{19EF79FE-CA82-489D-A307-2D8E868E97A0}.AppStore|iPhone.ActiveCfg = Release|x86
		{19EF79FE-CA82-489D-A307-2D8E868E97A0}.AppStore|iPhone.Build.0 = Release|x86
		{19EF79FE-CA82-489D-A307-2D8E868E97A0}.AppStore|iPhone.Deploy.0 = Release|x86
		{19EF79FE-CA82-489D-A307-2D8E868E97A0}.AppStore|iPhoneSimulator.ActiveCfg = Release|x86
		{19EF79FE-CA82-489D-A307-2D8E868E97A0}.AppStore|iPhoneSimulator.Build.0 = Release|x86
		{19EF79FE-CA82-489D-A307-2D8E868E97A0}.AppStore|iPhoneSimulator.Deploy.0 = Release|x86
		{19EF79FE-CA82-489D-A307-2D8E868E97A0}.AppStore|x64.ActiveCfg = Release|x64
		{19EF79FE-CA82-489D-A307-2D8E868E97A0}.AppStore|x64.Build.0 = Release|x64
		{19EF79FE-CA82-489D-A307-2D8E868E97A0}.AppStore|x64.Deploy.0 = Release|x64
		{19EF79FE-CA82-489D-A307-2D8E868E97A0}.AppStore|x86.ActiveCfg = Release|x86
		{19EF79FE-CA82-489D-A307-2D8E868E97A0}.AppStore|x86.Build.0 = Release|x86
		{19EF79FE-CA82-489D-A307-2D8E868E97A0}.AppStore|x86.Deploy.0 = Release|x86
		{19EF79FE-CA82-489D-A307-2D8E868E97A0}.Debug|Any CPU.ActiveCfg = Debug|x86
		{19EF79FE-CA82-489D-A307-2D8E868E97A0}.Debug|Any CPU.Build.0 = Debug|x86
		{19EF79FE-CA82-489D-A307-2D8E868E97A0}.Debug|Any CPU.Deploy.0 = Debug|x86
		{19EF79FE-CA82-489D-A307-2D8E868E97A0}.Debug|ARM.ActiveCfg = Debug|ARM
		{19EF79FE-CA82-489D-A307-2D8E868E97A0}.Debug|ARM.Build.0 = Debug|ARM
		{19EF79FE-CA82-489D-A307-2D8E868E97A0}.Debug|ARM.Deploy.0 = Debug|ARM
		{19EF79FE-CA82-489D-A307-2D8E868E97A0}.Debug|iPhone.ActiveCfg = Debug|x86
		{19EF79FE-CA82-489D-A307-2D8E868E97A0}.Debug|iPhone.Build.0 = Debug|x86
		{19EF79FE-CA82-489D-A307-2D8E868E97A0}.Debug|iPhone.Deploy.0 = Debug|x86
		{19EF79FE-CA82-489D-A307-2D8E868E97A0}.Debug|iPhoneSimulator.ActiveCfg = Debug|x86
		{19EF79FE-CA82-489D-A307-2D8E868E97A0}.Debug|iPhoneSimulator.Build.0 = Debug|x86
		{19EF79FE-CA82-489D-A307-2D8E868E97A0}.Debug|iPhoneSimulator.Deploy.0 = Debug|x86
		{19EF79FE-CA82-489D-A307-2D8E868E97A0}.Debug|x64.ActiveCfg = Debug|x64
		{19EF79FE-CA82-489D-A307-2D8E868E97A0}.Debug|x64.Build.0 = Debug|x64
		{19EF79FE-CA82-489D-A307-2D8E868E97A0}.Debug|x64.Deploy.0 = Debug|x64
		{19EF79FE-CA82-489D-A307-2D8E868E97A0}.Debug|x86.ActiveCfg = Debug|x86
		{19EF79FE-CA82-489D-A307-2D8E868E97A0}.Debug|x86.Build.0 = Debug|x86
		{19EF79FE-CA82-489D-A307-2D8E868E97A0}.Debug|x86.Deploy.0 = Debug|x86
		{19EF79FE-CA82-489D-A307-2D8E868E97A0}.Gorilla|Any CPU.ActiveCfg = Release|x86
		{19EF79FE-CA82-489D-A307-2D8E868E97A0}.Gorilla|Any CPU.Build.0 = Release|x86
		{19EF79FE-CA82-489D-A307-2D8E868E97A0}.Gorilla|Any CPU.Deploy.0 = Release|x86
		{19EF79FE-CA82-489D-A307-2D8E868E97A0}.Gorilla|ARM.ActiveCfg = Release|ARM
		{19EF79FE-CA82-489D-A307-2D8E868E97A0}.Gorilla|ARM.Build.0 = Release|ARM
		{19EF79FE-CA82-489D-A307-2D8E868E97A0}.Gorilla|ARM.Deploy.0 = Release|ARM
		{19EF79FE-CA82-489D-A307-2D8E868E97A0}.Gorilla|iPhone.ActiveCfg = Release|x86
		{19EF79FE-CA82-489D-A307-2D8E868E97A0}.Gorilla|iPhone.Build.0 = Release|x86
		{19EF79FE-CA82-489D-A307-2D8E868E97A0}.Gorilla|iPhone.Deploy.0 = Release|x86
		{19EF79FE-CA82-489D-A307-2D8E868E97A0}.Gorilla|iPhoneSimulator.ActiveCfg = Release|x86
		{19EF79FE-CA82-489D-A307-2D8E868E97A0}.Gorilla|iPhoneSimulator.Build.0 = Release|x86
		{19EF79FE-CA82-489D-A307-2D8E868E97A0}.Gorilla|iPhoneSimulator.Deploy.0 = Release|x86
		{19EF79FE-CA82-489D-A307-2D8E868E97A0}.Gorilla|x64.ActiveCfg = Release|x64
		{19EF79FE-CA82-489D-A307-2D8E868E97A0}.Gorilla|x64.Build.0 = Release|x64
		{19EF79FE-CA82-489D-A307-2D8E868E97A0}.Gorilla|x64.Deploy.0 = Release|x64
		{19EF79FE-CA82-489D-A307-2D8E868E97A0}.Gorilla|x86.ActiveCfg = Release|x86
		{19EF79FE-CA82-489D-A307-2D8E868E97A0}.Gorilla|x86.Build.0 = Release|x86
		{19EF79FE-CA82-489D-A307-2D8E868E97A0}.Gorilla|x86.Deploy.0 = Release|x86
		{19EF79FE-CA82-489D-A307-2D8E868E97A0}.Release|Any CPU.ActiveCfg = Release|x86
		{19EF79FE-CA82-489D-A307-2D8E868E97A0}.Release|ARM.ActiveCfg = Release|ARM
		{19EF79FE-CA82-489D-A307-2D8E868E97A0}.Release|ARM.Build.0 = Release|ARM
		{19EF79FE-CA82-489D-A307-2D8E868E97A0}.Release|ARM.Deploy.0 = Release|ARM
		{19EF79FE-CA82-489D-A307-2D8E868E97A0}.Release|iPhone.ActiveCfg = Release|x86
		{19EF79FE-CA82-489D-A307-2D8E868E97A0}.Release|iPhone.Build.0 = Release|x86
		{19EF79FE-CA82-489D-A307-2D8E868E97A0}.Release|iPhone.Deploy.0 = Release|x86
		{19EF79FE-CA82-489D-A307-2D8E868E97A0}.Release|iPhoneSimulator.ActiveCfg = Release|x86
		{19EF79FE-CA82-489D-A307-2D8E868E97A0}.Release|iPhoneSimulator.Build.0 = Release|x86
		{19EF79FE-CA82-489D-A307-2D8E868E97A0}.Release|iPhoneSimulator.Deploy.0 = Release|x86
		{19EF79FE-CA82-489D-A307-2D8E868E97A0}.Release|x64.ActiveCfg = Release|x64
		{19EF79FE-CA82-489D-A307-2D8E868E97A0}.Release|x64.Build.0 = Release|x64
		{19EF79FE-CA82-489D-A307-2D8E868E97A0}.Release|x64.Deploy.0 = Release|x64
		{19EF79FE-CA82-489D-A307-2D8E868E97A0}.Release|x86.ActiveCfg = Release|x86
		{19EF79FE-CA82-489D-A307-2D8E868E97A0}.Release|x86.Build.0 = Release|x86
		{19EF79FE-CA82-489D-A307-2D8E868E97A0}.Release|x86.Deploy.0 = Release|x86
		{BC440816-A2E9-4873-8F78-32E0DDE68760}.Ad-Hoc|Any CPU.ActiveCfg = Debug|Any CPU
		{BC440816-A2E9-4873-8F78-32E0DDE68760}.Ad-Hoc|Any CPU.Build.0 = Debug|Any CPU
		{BC440816-A2E9-4873-8F78-32E0DDE68760}.Ad-Hoc|Any CPU.Deploy.0 = Debug|Any CPU
		{BC440816-A2E9-4873-8F78-32E0DDE68760}.Ad-Hoc|ARM.ActiveCfg = Debug|Any CPU
		{BC440816-A2E9-4873-8F78-32E0DDE68760}.Ad-Hoc|ARM.Build.0 = Debug|Any CPU
		{BC440816-A2E9-4873-8F78-32E0DDE68760}.Ad-Hoc|ARM.Deploy.0 = Debug|Any CPU
		{BC440816-A2E9-4873-8F78-32E0DDE68760}.Ad-Hoc|iPhone.ActiveCfg = Debug|Any CPU
		{BC440816-A2E9-4873-8F78-32E0DDE68760}.Ad-Hoc|iPhone.Build.0 = Debug|Any CPU
		{BC440816-A2E9-4873-8F78-32E0DDE68760}.Ad-Hoc|iPhone.Deploy.0 = Debug|Any CPU
		{BC440816-A2E9-4873-8F78-32E0DDE68760}.Ad-Hoc|iPhoneSimulator.ActiveCfg = Debug|Any CPU
		{BC440816-A2E9-4873-8F78-32E0DDE68760}.Ad-Hoc|iPhoneSimulator.Build.0 = Debug|Any CPU
		{BC440816-A2E9-4873-8F78-32E0DDE68760}.Ad-Hoc|iPhoneSimulator.Deploy.0 = Debug|Any CPU
		{BC440816-A2E9-4873-8F78-32E0DDE68760}.Ad-Hoc|x64.ActiveCfg = Debug|Any CPU
		{BC440816-A2E9-4873-8F78-32E0DDE68760}.Ad-Hoc|x64.Build.0 = Debug|Any CPU
		{BC440816-A2E9-4873-8F78-32E0DDE68760}.Ad-Hoc|x64.Deploy.0 = Debug|Any CPU
		{BC440816-A2E9-4873-8F78-32E0DDE68760}.Ad-Hoc|x86.ActiveCfg = Debug|Any CPU
		{BC440816-A2E9-4873-8F78-32E0DDE68760}.Ad-Hoc|x86.Build.0 = Debug|Any CPU
		{BC440816-A2E9-4873-8F78-32E0DDE68760}.Ad-Hoc|x86.Deploy.0 = Debug|Any CPU
		{BC440816-A2E9-4873-8F78-32E0DDE68760}.AppStore|Any CPU.ActiveCfg = Debug|Any CPU
		{BC440816-A2E9-4873-8F78-32E0DDE68760}.AppStore|Any CPU.Build.0 = Debug|Any CPU
		{BC440816-A2E9-4873-8F78-32E0DDE68760}.AppStore|Any CPU.Deploy.0 = Debug|Any CPU
		{BC440816-A2E9-4873-8F78-32E0DDE68760}.AppStore|ARM.ActiveCfg = Debug|Any CPU
		{BC440816-A2E9-4873-8F78-32E0DDE68760}.AppStore|ARM.Build.0 = Debug|Any CPU
		{BC440816-A2E9-4873-8F78-32E0DDE68760}.AppStore|ARM.Deploy.0 = Debug|Any CPU
		{BC440816-A2E9-4873-8F78-32E0DDE68760}.AppStore|iPhone.ActiveCfg = Debug|Any CPU
		{BC440816-A2E9-4873-8F78-32E0DDE68760}.AppStore|iPhone.Build.0 = Debug|Any CPU
		{BC440816-A2E9-4873-8F78-32E0DDE68760}.AppStore|iPhone.Deploy.0 = Debug|Any CPU
		{BC440816-A2E9-4873-8F78-32E0DDE68760}.AppStore|iPhoneSimulator.ActiveCfg = Debug|Any CPU
		{BC440816-A2E9-4873-8F78-32E0DDE68760}.AppStore|iPhoneSimulator.Build.0 = Debug|Any CPU
		{BC440816-A2E9-4873-8F78-32E0DDE68760}.AppStore|iPhoneSimulator.Deploy.0 = Debug|Any CPU
		{BC440816-A2E9-4873-8F78-32E0DDE68760}.AppStore|x64.ActiveCfg = Debug|Any CPU
		{BC440816-A2E9-4873-8F78-32E0DDE68760}.AppStore|x64.Build.0 = Debug|Any CPU
		{BC440816-A2E9-4873-8F78-32E0DDE68760}.AppStore|x64.Deploy.0 = Debug|Any CPU
		{BC440816-A2E9-4873-8F78-32E0DDE68760}.AppStore|x86.ActiveCfg = Debug|Any CPU
		{BC440816-A2E9-4873-8F78-32E0DDE68760}.AppStore|x86.Build.0 = Debug|Any CPU
		{BC440816-A2E9-4873-8F78-32E0DDE68760}.AppStore|x86.Deploy.0 = Debug|Any CPU
		{BC440816-A2E9-4873-8F78-32E0DDE68760}.Debug|Any CPU.ActiveCfg = Debug|Any CPU
		{BC440816-A2E9-4873-8F78-32E0DDE68760}.Debug|Any CPU.Build.0 = Debug|Any CPU
		{BC440816-A2E9-4873-8F78-32E0DDE68760}.Debug|Any CPU.Deploy.0 = Debug|Any CPU
		{BC440816-A2E9-4873-8F78-32E0DDE68760}.Debug|ARM.ActiveCfg = Debug|Any CPU
		{BC440816-A2E9-4873-8F78-32E0DDE68760}.Debug|ARM.Build.0 = Debug|Any CPU
		{BC440816-A2E9-4873-8F78-32E0DDE68760}.Debug|ARM.Deploy.0 = Debug|Any CPU
		{BC440816-A2E9-4873-8F78-32E0DDE68760}.Debug|iPhone.ActiveCfg = Debug|Any CPU
		{BC440816-A2E9-4873-8F78-32E0DDE68760}.Debug|iPhone.Build.0 = Debug|Any CPU
		{BC440816-A2E9-4873-8F78-32E0DDE68760}.Debug|iPhone.Deploy.0 = Debug|Any CPU
		{BC440816-A2E9-4873-8F78-32E0DDE68760}.Debug|iPhoneSimulator.ActiveCfg = Debug|Any CPU
		{BC440816-A2E9-4873-8F78-32E0DDE68760}.Debug|iPhoneSimulator.Build.0 = Debug|Any CPU
		{BC440816-A2E9-4873-8F78-32E0DDE68760}.Debug|iPhoneSimulator.Deploy.0 = Debug|Any CPU
		{BC440816-A2E9-4873-8F78-32E0DDE68760}.Debug|x64.ActiveCfg = Debug|Any CPU
		{BC440816-A2E9-4873-8F78-32E0DDE68760}.Debug|x64.Build.0 = Debug|Any CPU
		{BC440816-A2E9-4873-8F78-32E0DDE68760}.Debug|x64.Deploy.0 = Debug|Any CPU
		{BC440816-A2E9-4873-8F78-32E0DDE68760}.Debug|x86.ActiveCfg = Debug|Any CPU
		{BC440816-A2E9-4873-8F78-32E0DDE68760}.Debug|x86.Build.0 = Debug|Any CPU
		{BC440816-A2E9-4873-8F78-32E0DDE68760}.Debug|x86.Deploy.0 = Debug|Any CPU
		{BC440816-A2E9-4873-8F78-32E0DDE68760}.Gorilla|Any CPU.ActiveCfg = Debug|Any CPU
		{BC440816-A2E9-4873-8F78-32E0DDE68760}.Gorilla|Any CPU.Build.0 = Debug|Any CPU
		{BC440816-A2E9-4873-8F78-32E0DDE68760}.Gorilla|ARM.ActiveCfg = Debug|Any CPU
		{BC440816-A2E9-4873-8F78-32E0DDE68760}.Gorilla|ARM.Build.0 = Debug|Any CPU
		{BC440816-A2E9-4873-8F78-32E0DDE68760}.Gorilla|iPhone.ActiveCfg = Debug|Any CPU
		{BC440816-A2E9-4873-8F78-32E0DDE68760}.Gorilla|iPhone.Build.0 = Debug|Any CPU
		{BC440816-A2E9-4873-8F78-32E0DDE68760}.Gorilla|iPhoneSimulator.ActiveCfg = Debug|Any CPU
		{BC440816-A2E9-4873-8F78-32E0DDE68760}.Gorilla|iPhoneSimulator.Build.0 = Debug|Any CPU
		{BC440816-A2E9-4873-8F78-32E0DDE68760}.Gorilla|x64.ActiveCfg = Debug|Any CPU
		{BC440816-A2E9-4873-8F78-32E0DDE68760}.Gorilla|x64.Build.0 = Debug|Any CPU
		{BC440816-A2E9-4873-8F78-32E0DDE68760}.Gorilla|x86.ActiveCfg = Debug|Any CPU
		{BC440816-A2E9-4873-8F78-32E0DDE68760}.Gorilla|x86.Build.0 = Debug|Any CPU
		{BC440816-A2E9-4873-8F78-32E0DDE68760}.Release|Any CPU.ActiveCfg = Release|Any CPU
		{BC440816-A2E9-4873-8F78-32E0DDE68760}.Release|Any CPU.Build.0 = Release|Any CPU
		{BC440816-A2E9-4873-8F78-32E0DDE68760}.Release|Any CPU.Deploy.0 = Release|Any CPU
		{BC440816-A2E9-4873-8F78-32E0DDE68760}.Release|ARM.ActiveCfg = Release|Any CPU
		{BC440816-A2E9-4873-8F78-32E0DDE68760}.Release|ARM.Build.0 = Release|Any CPU
		{BC440816-A2E9-4873-8F78-32E0DDE68760}.Release|ARM.Deploy.0 = Release|Any CPU
		{BC440816-A2E9-4873-8F78-32E0DDE68760}.Release|iPhone.ActiveCfg = Release|Any CPU
		{BC440816-A2E9-4873-8F78-32E0DDE68760}.Release|iPhone.Build.0 = Release|Any CPU
		{BC440816-A2E9-4873-8F78-32E0DDE68760}.Release|iPhone.Deploy.0 = Release|Any CPU
		{BC440816-A2E9-4873-8F78-32E0DDE68760}.Release|iPhoneSimulator.ActiveCfg = Release|Any CPU
		{BC440816-A2E9-4873-8F78-32E0DDE68760}.Release|iPhoneSimulator.Build.0 = Release|Any CPU
		{BC440816-A2E9-4873-8F78-32E0DDE68760}.Release|iPhoneSimulator.Deploy.0 = Release|Any CPU
		{BC440816-A2E9-4873-8F78-32E0DDE68760}.Release|x64.ActiveCfg = Release|Any CPU
		{BC440816-A2E9-4873-8F78-32E0DDE68760}.Release|x64.Build.0 = Release|Any CPU
		{BC440816-A2E9-4873-8F78-32E0DDE68760}.Release|x64.Deploy.0 = Release|Any CPU
		{BC440816-A2E9-4873-8F78-32E0DDE68760}.Release|x86.ActiveCfg = Release|Any CPU
		{BC440816-A2E9-4873-8F78-32E0DDE68760}.Release|x86.Build.0 = Release|Any CPU
		{BC440816-A2E9-4873-8F78-32E0DDE68760}.Release|x86.Deploy.0 = Release|Any CPU
		{1180CBA4-F8BC-4F57-BCDE-51C00414AF3A}.Ad-Hoc|Any CPU.ActiveCfg = Debug|Any CPU
		{1180CBA4-F8BC-4F57-BCDE-51C00414AF3A}.Ad-Hoc|Any CPU.Build.0 = Debug|Any CPU
		{1180CBA4-F8BC-4F57-BCDE-51C00414AF3A}.Ad-Hoc|ARM.ActiveCfg = Debug|Any CPU
		{1180CBA4-F8BC-4F57-BCDE-51C00414AF3A}.Ad-Hoc|ARM.Build.0 = Debug|Any CPU
		{1180CBA4-F8BC-4F57-BCDE-51C00414AF3A}.Ad-Hoc|iPhone.ActiveCfg = Debug|Any CPU
		{1180CBA4-F8BC-4F57-BCDE-51C00414AF3A}.Ad-Hoc|iPhone.Build.0 = Debug|Any CPU
		{1180CBA4-F8BC-4F57-BCDE-51C00414AF3A}.Ad-Hoc|iPhoneSimulator.ActiveCfg = Debug|Any CPU
		{1180CBA4-F8BC-4F57-BCDE-51C00414AF3A}.Ad-Hoc|iPhoneSimulator.Build.0 = Debug|Any CPU
		{1180CBA4-F8BC-4F57-BCDE-51C00414AF3A}.Ad-Hoc|x64.ActiveCfg = Debug|Any CPU
		{1180CBA4-F8BC-4F57-BCDE-51C00414AF3A}.Ad-Hoc|x64.Build.0 = Debug|Any CPU
		{1180CBA4-F8BC-4F57-BCDE-51C00414AF3A}.Ad-Hoc|x86.ActiveCfg = Debug|Any CPU
		{1180CBA4-F8BC-4F57-BCDE-51C00414AF3A}.Ad-Hoc|x86.Build.0 = Debug|Any CPU
		{1180CBA4-F8BC-4F57-BCDE-51C00414AF3A}.AppStore|Any CPU.ActiveCfg = Debug|Any CPU
		{1180CBA4-F8BC-4F57-BCDE-51C00414AF3A}.AppStore|Any CPU.Build.0 = Debug|Any CPU
		{1180CBA4-F8BC-4F57-BCDE-51C00414AF3A}.AppStore|ARM.ActiveCfg = Debug|Any CPU
		{1180CBA4-F8BC-4F57-BCDE-51C00414AF3A}.AppStore|ARM.Build.0 = Debug|Any CPU
		{1180CBA4-F8BC-4F57-BCDE-51C00414AF3A}.AppStore|iPhone.ActiveCfg = Debug|Any CPU
		{1180CBA4-F8BC-4F57-BCDE-51C00414AF3A}.AppStore|iPhone.Build.0 = Debug|Any CPU
		{1180CBA4-F8BC-4F57-BCDE-51C00414AF3A}.AppStore|iPhoneSimulator.ActiveCfg = Debug|Any CPU
		{1180CBA4-F8BC-4F57-BCDE-51C00414AF3A}.AppStore|iPhoneSimulator.Build.0 = Debug|Any CPU
		{1180CBA4-F8BC-4F57-BCDE-51C00414AF3A}.AppStore|x64.ActiveCfg = Debug|Any CPU
		{1180CBA4-F8BC-4F57-BCDE-51C00414AF3A}.AppStore|x64.Build.0 = Debug|Any CPU
		{1180CBA4-F8BC-4F57-BCDE-51C00414AF3A}.AppStore|x86.ActiveCfg = Debug|Any CPU
		{1180CBA4-F8BC-4F57-BCDE-51C00414AF3A}.AppStore|x86.Build.0 = Debug|Any CPU
		{1180CBA4-F8BC-4F57-BCDE-51C00414AF3A}.Debug|Any CPU.ActiveCfg = Debug|Any CPU
		{1180CBA4-F8BC-4F57-BCDE-51C00414AF3A}.Debug|Any CPU.Build.0 = Debug|Any CPU
		{1180CBA4-F8BC-4F57-BCDE-51C00414AF3A}.Debug|ARM.ActiveCfg = Debug|Any CPU
		{1180CBA4-F8BC-4F57-BCDE-51C00414AF3A}.Debug|ARM.Build.0 = Debug|Any CPU
		{1180CBA4-F8BC-4F57-BCDE-51C00414AF3A}.Debug|iPhone.ActiveCfg = Debug|Any CPU
		{1180CBA4-F8BC-4F57-BCDE-51C00414AF3A}.Debug|iPhone.Build.0 = Debug|Any CPU
		{1180CBA4-F8BC-4F57-BCDE-51C00414AF3A}.Debug|iPhoneSimulator.ActiveCfg = Debug|Any CPU
		{1180CBA4-F8BC-4F57-BCDE-51C00414AF3A}.Debug|iPhoneSimulator.Build.0 = Debug|Any CPU
		{1180CBA4-F8BC-4F57-BCDE-51C00414AF3A}.Debug|x64.ActiveCfg = Debug|Any CPU
		{1180CBA4-F8BC-4F57-BCDE-51C00414AF3A}.Debug|x64.Build.0 = Debug|Any CPU
		{1180CBA4-F8BC-4F57-BCDE-51C00414AF3A}.Debug|x86.ActiveCfg = Debug|Any CPU
		{1180CBA4-F8BC-4F57-BCDE-51C00414AF3A}.Debug|x86.Build.0 = Debug|Any CPU
		{1180CBA4-F8BC-4F57-BCDE-51C00414AF3A}.Gorilla|Any CPU.ActiveCfg = Debug|Any CPU
		{1180CBA4-F8BC-4F57-BCDE-51C00414AF3A}.Gorilla|Any CPU.Build.0 = Debug|Any CPU
		{1180CBA4-F8BC-4F57-BCDE-51C00414AF3A}.Gorilla|ARM.ActiveCfg = Debug|Any CPU
		{1180CBA4-F8BC-4F57-BCDE-51C00414AF3A}.Gorilla|ARM.Build.0 = Debug|Any CPU
		{1180CBA4-F8BC-4F57-BCDE-51C00414AF3A}.Gorilla|iPhone.ActiveCfg = Debug|Any CPU
		{1180CBA4-F8BC-4F57-BCDE-51C00414AF3A}.Gorilla|iPhone.Build.0 = Debug|Any CPU
		{1180CBA4-F8BC-4F57-BCDE-51C00414AF3A}.Gorilla|iPhoneSimulator.ActiveCfg = Debug|Any CPU
		{1180CBA4-F8BC-4F57-BCDE-51C00414AF3A}.Gorilla|iPhoneSimulator.Build.0 = Debug|Any CPU
		{1180CBA4-F8BC-4F57-BCDE-51C00414AF3A}.Gorilla|x64.ActiveCfg = Debug|Any CPU
		{1180CBA4-F8BC-4F57-BCDE-51C00414AF3A}.Gorilla|x64.Build.0 = Debug|Any CPU
		{1180CBA4-F8BC-4F57-BCDE-51C00414AF3A}.Gorilla|x86.ActiveCfg = Debug|Any CPU
		{1180CBA4-F8BC-4F57-BCDE-51C00414AF3A}.Gorilla|x86.Build.0 = Debug|Any CPU
		{1180CBA4-F8BC-4F57-BCDE-51C00414AF3A}.Release|Any CPU.ActiveCfg = Release|Any CPU
		{1180CBA4-F8BC-4F57-BCDE-51C00414AF3A}.Release|Any CPU.Build.0 = Release|Any CPU
		{1180CBA4-F8BC-4F57-BCDE-51C00414AF3A}.Release|ARM.ActiveCfg = Release|Any CPU
		{1180CBA4-F8BC-4F57-BCDE-51C00414AF3A}.Release|ARM.Build.0 = Release|Any CPU
		{1180CBA4-F8BC-4F57-BCDE-51C00414AF3A}.Release|iPhone.ActiveCfg = Release|Any CPU
		{1180CBA4-F8BC-4F57-BCDE-51C00414AF3A}.Release|iPhone.Build.0 = Release|Any CPU
		{1180CBA4-F8BC-4F57-BCDE-51C00414AF3A}.Release|iPhoneSimulator.ActiveCfg = Release|Any CPU
		{1180CBA4-F8BC-4F57-BCDE-51C00414AF3A}.Release|iPhoneSimulator.Build.0 = Release|Any CPU
		{1180CBA4-F8BC-4F57-BCDE-51C00414AF3A}.Release|x64.ActiveCfg = Release|Any CPU
		{1180CBA4-F8BC-4F57-BCDE-51C00414AF3A}.Release|x64.Build.0 = Release|Any CPU
		{1180CBA4-F8BC-4F57-BCDE-51C00414AF3A}.Release|x86.ActiveCfg = Release|Any CPU
		{1180CBA4-F8BC-4F57-BCDE-51C00414AF3A}.Release|x86.Build.0 = Release|Any CPU
		{4E10C34E-0FB9-4B66-ABB2-566D1B8155EC}.Ad-Hoc|Any CPU.ActiveCfg = Debug|Any CPU
		{4E10C34E-0FB9-4B66-ABB2-566D1B8155EC}.Ad-Hoc|Any CPU.Build.0 = Debug|Any CPU
		{4E10C34E-0FB9-4B66-ABB2-566D1B8155EC}.Ad-Hoc|ARM.ActiveCfg = Debug|Any CPU
		{4E10C34E-0FB9-4B66-ABB2-566D1B8155EC}.Ad-Hoc|ARM.Build.0 = Debug|Any CPU
		{4E10C34E-0FB9-4B66-ABB2-566D1B8155EC}.Ad-Hoc|iPhone.ActiveCfg = Debug|Any CPU
		{4E10C34E-0FB9-4B66-ABB2-566D1B8155EC}.Ad-Hoc|iPhone.Build.0 = Debug|Any CPU
		{4E10C34E-0FB9-4B66-ABB2-566D1B8155EC}.Ad-Hoc|iPhoneSimulator.ActiveCfg = Debug|Any CPU
		{4E10C34E-0FB9-4B66-ABB2-566D1B8155EC}.Ad-Hoc|iPhoneSimulator.Build.0 = Debug|Any CPU
		{4E10C34E-0FB9-4B66-ABB2-566D1B8155EC}.Ad-Hoc|x64.ActiveCfg = Debug|Any CPU
		{4E10C34E-0FB9-4B66-ABB2-566D1B8155EC}.Ad-Hoc|x64.Build.0 = Debug|Any CPU
		{4E10C34E-0FB9-4B66-ABB2-566D1B8155EC}.Ad-Hoc|x86.ActiveCfg = Debug|Any CPU
		{4E10C34E-0FB9-4B66-ABB2-566D1B8155EC}.Ad-Hoc|x86.Build.0 = Debug|Any CPU
		{4E10C34E-0FB9-4B66-ABB2-566D1B8155EC}.AppStore|Any CPU.ActiveCfg = Debug|Any CPU
		{4E10C34E-0FB9-4B66-ABB2-566D1B8155EC}.AppStore|Any CPU.Build.0 = Debug|Any CPU
		{4E10C34E-0FB9-4B66-ABB2-566D1B8155EC}.AppStore|ARM.ActiveCfg = Debug|Any CPU
		{4E10C34E-0FB9-4B66-ABB2-566D1B8155EC}.AppStore|ARM.Build.0 = Debug|Any CPU
		{4E10C34E-0FB9-4B66-ABB2-566D1B8155EC}.AppStore|iPhone.ActiveCfg = Debug|Any CPU
		{4E10C34E-0FB9-4B66-ABB2-566D1B8155EC}.AppStore|iPhone.Build.0 = Debug|Any CPU
		{4E10C34E-0FB9-4B66-ABB2-566D1B8155EC}.AppStore|iPhoneSimulator.ActiveCfg = Debug|Any CPU
		{4E10C34E-0FB9-4B66-ABB2-566D1B8155EC}.AppStore|iPhoneSimulator.Build.0 = Debug|Any CPU
		{4E10C34E-0FB9-4B66-ABB2-566D1B8155EC}.AppStore|x64.ActiveCfg = Debug|Any CPU
		{4E10C34E-0FB9-4B66-ABB2-566D1B8155EC}.AppStore|x64.Build.0 = Debug|Any CPU
		{4E10C34E-0FB9-4B66-ABB2-566D1B8155EC}.AppStore|x86.ActiveCfg = Debug|Any CPU
		{4E10C34E-0FB9-4B66-ABB2-566D1B8155EC}.AppStore|x86.Build.0 = Debug|Any CPU
		{4E10C34E-0FB9-4B66-ABB2-566D1B8155EC}.Debug|Any CPU.ActiveCfg = Debug|Any CPU
		{4E10C34E-0FB9-4B66-ABB2-566D1B8155EC}.Debug|Any CPU.Build.0 = Debug|Any CPU
		{4E10C34E-0FB9-4B66-ABB2-566D1B8155EC}.Debug|ARM.ActiveCfg = Debug|Any CPU
		{4E10C34E-0FB9-4B66-ABB2-566D1B8155EC}.Debug|ARM.Build.0 = Debug|Any CPU
		{4E10C34E-0FB9-4B66-ABB2-566D1B8155EC}.Debug|iPhone.ActiveCfg = Debug|Any CPU
		{4E10C34E-0FB9-4B66-ABB2-566D1B8155EC}.Debug|iPhone.Build.0 = Debug|Any CPU
		{4E10C34E-0FB9-4B66-ABB2-566D1B8155EC}.Debug|iPhoneSimulator.ActiveCfg = Debug|Any CPU
		{4E10C34E-0FB9-4B66-ABB2-566D1B8155EC}.Debug|iPhoneSimulator.Build.0 = Debug|Any CPU
		{4E10C34E-0FB9-4B66-ABB2-566D1B8155EC}.Debug|x64.ActiveCfg = Debug|Any CPU
		{4E10C34E-0FB9-4B66-ABB2-566D1B8155EC}.Debug|x64.Build.0 = Debug|Any CPU
		{4E10C34E-0FB9-4B66-ABB2-566D1B8155EC}.Debug|x86.ActiveCfg = Debug|Any CPU
		{4E10C34E-0FB9-4B66-ABB2-566D1B8155EC}.Debug|x86.Build.0 = Debug|Any CPU
		{4E10C34E-0FB9-4B66-ABB2-566D1B8155EC}.Gorilla|Any CPU.ActiveCfg = Debug|Any CPU
		{4E10C34E-0FB9-4B66-ABB2-566D1B8155EC}.Gorilla|Any CPU.Build.0 = Debug|Any CPU
		{4E10C34E-0FB9-4B66-ABB2-566D1B8155EC}.Gorilla|ARM.ActiveCfg = Debug|Any CPU
		{4E10C34E-0FB9-4B66-ABB2-566D1B8155EC}.Gorilla|ARM.Build.0 = Debug|Any CPU
		{4E10C34E-0FB9-4B66-ABB2-566D1B8155EC}.Gorilla|iPhone.ActiveCfg = Debug|Any CPU
		{4E10C34E-0FB9-4B66-ABB2-566D1B8155EC}.Gorilla|iPhone.Build.0 = Debug|Any CPU
		{4E10C34E-0FB9-4B66-ABB2-566D1B8155EC}.Gorilla|iPhoneSimulator.ActiveCfg = Debug|Any CPU
		{4E10C34E-0FB9-4B66-ABB2-566D1B8155EC}.Gorilla|iPhoneSimulator.Build.0 = Debug|Any CPU
		{4E10C34E-0FB9-4B66-ABB2-566D1B8155EC}.Gorilla|x64.ActiveCfg = Debug|Any CPU
		{4E10C34E-0FB9-4B66-ABB2-566D1B8155EC}.Gorilla|x64.Build.0 = Debug|Any CPU
		{4E10C34E-0FB9-4B66-ABB2-566D1B8155EC}.Gorilla|x86.ActiveCfg = Debug|Any CPU
		{4E10C34E-0FB9-4B66-ABB2-566D1B8155EC}.Gorilla|x86.Build.0 = Debug|Any CPU
		{4E10C34E-0FB9-4B66-ABB2-566D1B8155EC}.Release|Any CPU.ActiveCfg = Release|Any CPU
		{4E10C34E-0FB9-4B66-ABB2-566D1B8155EC}.Release|Any CPU.Build.0 = Release|Any CPU
		{4E10C34E-0FB9-4B66-ABB2-566D1B8155EC}.Release|ARM.ActiveCfg = Release|Any CPU
		{4E10C34E-0FB9-4B66-ABB2-566D1B8155EC}.Release|ARM.Build.0 = Release|Any CPU
		{4E10C34E-0FB9-4B66-ABB2-566D1B8155EC}.Release|iPhone.ActiveCfg = Release|Any CPU
		{4E10C34E-0FB9-4B66-ABB2-566D1B8155EC}.Release|iPhone.Build.0 = Release|Any CPU
		{4E10C34E-0FB9-4B66-ABB2-566D1B8155EC}.Release|iPhoneSimulator.ActiveCfg = Release|Any CPU
		{4E10C34E-0FB9-4B66-ABB2-566D1B8155EC}.Release|iPhoneSimulator.Build.0 = Release|Any CPU
		{4E10C34E-0FB9-4B66-ABB2-566D1B8155EC}.Release|x64.ActiveCfg = Release|Any CPU
		{4E10C34E-0FB9-4B66-ABB2-566D1B8155EC}.Release|x64.Build.0 = Release|Any CPU
		{4E10C34E-0FB9-4B66-ABB2-566D1B8155EC}.Release|x86.ActiveCfg = Release|Any CPU
		{4E10C34E-0FB9-4B66-ABB2-566D1B8155EC}.Release|x86.Build.0 = Release|Any CPU
		{15F77405-6C05-4783-A380-0FC002230ED1}.Ad-Hoc|Any CPU.ActiveCfg = Debug|Any CPU
		{15F77405-6C05-4783-A380-0FC002230ED1}.Ad-Hoc|Any CPU.Build.0 = Debug|Any CPU
		{15F77405-6C05-4783-A380-0FC002230ED1}.Ad-Hoc|ARM.ActiveCfg = Debug|Any CPU
		{15F77405-6C05-4783-A380-0FC002230ED1}.Ad-Hoc|ARM.Build.0 = Debug|Any CPU
		{15F77405-6C05-4783-A380-0FC002230ED1}.Ad-Hoc|iPhone.ActiveCfg = Debug|Any CPU
		{15F77405-6C05-4783-A380-0FC002230ED1}.Ad-Hoc|iPhone.Build.0 = Debug|Any CPU
		{15F77405-6C05-4783-A380-0FC002230ED1}.Ad-Hoc|iPhoneSimulator.ActiveCfg = Debug|Any CPU
		{15F77405-6C05-4783-A380-0FC002230ED1}.Ad-Hoc|iPhoneSimulator.Build.0 = Debug|Any CPU
		{15F77405-6C05-4783-A380-0FC002230ED1}.Ad-Hoc|x64.ActiveCfg = Debug|Any CPU
		{15F77405-6C05-4783-A380-0FC002230ED1}.Ad-Hoc|x64.Build.0 = Debug|Any CPU
		{15F77405-6C05-4783-A380-0FC002230ED1}.Ad-Hoc|x86.ActiveCfg = Debug|Any CPU
		{15F77405-6C05-4783-A380-0FC002230ED1}.Ad-Hoc|x86.Build.0 = Debug|Any CPU
		{15F77405-6C05-4783-A380-0FC002230ED1}.AppStore|Any CPU.ActiveCfg = Debug|Any CPU
		{15F77405-6C05-4783-A380-0FC002230ED1}.AppStore|Any CPU.Build.0 = Debug|Any CPU
		{15F77405-6C05-4783-A380-0FC002230ED1}.AppStore|ARM.ActiveCfg = Debug|Any CPU
		{15F77405-6C05-4783-A380-0FC002230ED1}.AppStore|ARM.Build.0 = Debug|Any CPU
		{15F77405-6C05-4783-A380-0FC002230ED1}.AppStore|iPhone.ActiveCfg = Debug|Any CPU
		{15F77405-6C05-4783-A380-0FC002230ED1}.AppStore|iPhone.Build.0 = Debug|Any CPU
		{15F77405-6C05-4783-A380-0FC002230ED1}.AppStore|iPhoneSimulator.ActiveCfg = Debug|Any CPU
		{15F77405-6C05-4783-A380-0FC002230ED1}.AppStore|iPhoneSimulator.Build.0 = Debug|Any CPU
		{15F77405-6C05-4783-A380-0FC002230ED1}.AppStore|x64.ActiveCfg = Debug|Any CPU
		{15F77405-6C05-4783-A380-0FC002230ED1}.AppStore|x64.Build.0 = Debug|Any CPU
		{15F77405-6C05-4783-A380-0FC002230ED1}.AppStore|x86.ActiveCfg = Debug|Any CPU
		{15F77405-6C05-4783-A380-0FC002230ED1}.AppStore|x86.Build.0 = Debug|Any CPU
		{15F77405-6C05-4783-A380-0FC002230ED1}.Debug|Any CPU.ActiveCfg = Debug|Any CPU
		{15F77405-6C05-4783-A380-0FC002230ED1}.Debug|Any CPU.Build.0 = Debug|Any CPU
		{15F77405-6C05-4783-A380-0FC002230ED1}.Debug|ARM.ActiveCfg = Debug|Any CPU
		{15F77405-6C05-4783-A380-0FC002230ED1}.Debug|ARM.Build.0 = Debug|Any CPU
		{15F77405-6C05-4783-A380-0FC002230ED1}.Debug|iPhone.ActiveCfg = Debug|Any CPU
		{15F77405-6C05-4783-A380-0FC002230ED1}.Debug|iPhone.Build.0 = Debug|Any CPU
		{15F77405-6C05-4783-A380-0FC002230ED1}.Debug|iPhoneSimulator.ActiveCfg = Debug|Any CPU
		{15F77405-6C05-4783-A380-0FC002230ED1}.Debug|iPhoneSimulator.Build.0 = Debug|Any CPU
		{15F77405-6C05-4783-A380-0FC002230ED1}.Debug|x64.ActiveCfg = Debug|Any CPU
		{15F77405-6C05-4783-A380-0FC002230ED1}.Debug|x64.Build.0 = Debug|Any CPU
		{15F77405-6C05-4783-A380-0FC002230ED1}.Debug|x86.ActiveCfg = Debug|Any CPU
		{15F77405-6C05-4783-A380-0FC002230ED1}.Debug|x86.Build.0 = Debug|Any CPU
		{15F77405-6C05-4783-A380-0FC002230ED1}.Gorilla|Any CPU.ActiveCfg = Debug|Any CPU
		{15F77405-6C05-4783-A380-0FC002230ED1}.Gorilla|Any CPU.Build.0 = Debug|Any CPU
		{15F77405-6C05-4783-A380-0FC002230ED1}.Gorilla|ARM.ActiveCfg = Debug|Any CPU
		{15F77405-6C05-4783-A380-0FC002230ED1}.Gorilla|ARM.Build.0 = Debug|Any CPU
		{15F77405-6C05-4783-A380-0FC002230ED1}.Gorilla|iPhone.ActiveCfg = Debug|Any CPU
		{15F77405-6C05-4783-A380-0FC002230ED1}.Gorilla|iPhone.Build.0 = Debug|Any CPU
		{15F77405-6C05-4783-A380-0FC002230ED1}.Gorilla|iPhoneSimulator.ActiveCfg = Debug|Any CPU
		{15F77405-6C05-4783-A380-0FC002230ED1}.Gorilla|iPhoneSimulator.Build.0 = Debug|Any CPU
		{15F77405-6C05-4783-A380-0FC002230ED1}.Gorilla|x64.ActiveCfg = Debug|Any CPU
		{15F77405-6C05-4783-A380-0FC002230ED1}.Gorilla|x64.Build.0 = Debug|Any CPU
		{15F77405-6C05-4783-A380-0FC002230ED1}.Gorilla|x86.ActiveCfg = Debug|Any CPU
		{15F77405-6C05-4783-A380-0FC002230ED1}.Gorilla|x86.Build.0 = Debug|Any CPU
		{15F77405-6C05-4783-A380-0FC002230ED1}.Release|Any CPU.ActiveCfg = Release|Any CPU
		{15F77405-6C05-4783-A380-0FC002230ED1}.Release|Any CPU.Build.0 = Release|Any CPU
		{15F77405-6C05-4783-A380-0FC002230ED1}.Release|ARM.ActiveCfg = Release|Any CPU
		{15F77405-6C05-4783-A380-0FC002230ED1}.Release|ARM.Build.0 = Release|Any CPU
		{15F77405-6C05-4783-A380-0FC002230ED1}.Release|iPhone.ActiveCfg = Release|Any CPU
		{15F77405-6C05-4783-A380-0FC002230ED1}.Release|iPhone.Build.0 = Release|Any CPU
		{15F77405-6C05-4783-A380-0FC002230ED1}.Release|iPhoneSimulator.ActiveCfg = Release|Any CPU
		{15F77405-6C05-4783-A380-0FC002230ED1}.Release|iPhoneSimulator.Build.0 = Release|Any CPU
		{15F77405-6C05-4783-A380-0FC002230ED1}.Release|x64.ActiveCfg = Release|Any CPU
		{15F77405-6C05-4783-A380-0FC002230ED1}.Release|x64.Build.0 = Release|Any CPU
		{15F77405-6C05-4783-A380-0FC002230ED1}.Release|x86.ActiveCfg = Release|Any CPU
		{15F77405-6C05-4783-A380-0FC002230ED1}.Release|x86.Build.0 = Release|Any CPU
	EndGlobalSection
	GlobalSection(SolutionProperties) = preSolution
		HideSolutionNode = FALSE
	EndGlobalSection
	GlobalSection(ExtensibilityGlobals) = postSolution
		SolutionGuid = {425E5708-DC50-4639-A1C4-514C9EA74211}
	EndGlobalSection
EndGlobal
